
Microsoft Visual Studio Solution File, Format Version 12.00
# Visual Studio Version 16
VisualStudioVersion = 16.0.29613.14
MinimumVisualStudioVersion = 10.0.40219.1
Project("{FAE04EC0-301F-11D3-BF4B-00C04F79EFBC}") = "createAPI", "createAPI\createAPI.csproj", "{C15F8DAE-B8A0-42AD-A2ED-98D304D10616}"
EndProject
Global
	GlobalSection(SolutionConfigurationPlatforms) = preSolution
		Debug|Any CPU = Debug|Any CPU
		Release|Any CPU = Release|Any CPU
	EndGlobalSection
	GlobalSection(ProjectConfigurationPlatforms) = postSolution
		{C15F8DAE-B8A0-42AD-A2ED-98D304D10616}.Debug|Any CPU.ActiveCfg = Debug|Any CPU
		{C15F8DAE-B8A0-42AD-A2ED-98D304D10616}.Debug|Any CPU.Build.0 = Debug|Any CPU
		{C15F8DAE-B8A0-42AD-A2ED-98D304D10616}.Release|Any CPU.ActiveCfg = Release|Any CPU
		{C15F8DAE-B8A0-42AD-A2ED-98D304D10616}.Release|Any CPU.Build.0 = Release|Any CPU
	EndGlobalSection
	GlobalSection(SolutionProperties) = preSolution
		HideSolutionNode = FALSE
	EndGlobalSection
	GlobalSection(ExtensibilityGlobals) = postSolution
		SolutionGuid = {28EB63AD-72F3-48E2-B47D-A1C043D44A04}
	EndGlobalSection
EndGlobal
